{
  "version": 4,
  "terraform_version": "1.0.11",
  "serial": 1,
  "lineage": "b302447f-82c7-5f10-8504-455db10c7451",
  "outputs": {},
  "resources": [
    {
      "mode": "managed",
      "type": "google_storage_bucket",
      "name": "demobucket",
      "provider": "provider[\"registry.terraform.io/hashicorp/google\"]",
      "instances": [
        {
          "schema_version": 0,
          "attributes": {
            "cors": [],
            "default_event_based_hold": false,
            "encryption": [],
            "force_destroy": false,
            "id": "demobucket_demo_1234",
            "labels": null,
            "lifecycle_rule": [],
            "location": "US",
            "logging": [],
            "name": "demobucket_demo_1234",
            "project": "terraform-333903",
            "requester_pays": false,
            "retention_policy": [],
            "self_link": "https://www.googleapis.com/storage/v1/b/demobucket_demo_1234",
            "storage_class": "STANDARD",
            "uniform_bucket_level_access": false,
            "url": "gs://demobucket_demo_1234",
            "versioning": [],
            "website": []
          },
          "sensitive_attributes": [],
          "private": "bnVsbA=="
        }
      ]
    }
  ]
}
